
Microsoft Visual Studio Solution File, Format Version 12.00
# Visual Studio Version 17
VisualStudioVersion = 17.10.34607.79
MinimumVisualStudioVersion = 10.0.40219.1
Project("{FAE04EC0-301F-11D3-BF4B-00C04F79EFBC}") = "ejercicio #2 programa", "ejercicio #2 programa.csproj", "{1B7ECCF9-FE9F-4451-9E34-5D84ECEE83BD}"
EndProject
Global
	GlobalSection(SolutionConfigurationPlatforms) = preSolution
		Debug|Any CPU = Debug|Any CPU
		Release|Any CPU = Release|Any CPU
	EndGlobalSection
	GlobalSection(ProjectConfigurationPlatforms) = postSolution
		{1B7ECCF9-FE9F-4451-9E34-5D84ECEE83BD}.Debug|Any CPU.ActiveCfg = Debug|Any CPU
		{1B7ECCF9-FE9F-4451-9E34-5D84ECEE83BD}.Debug|Any CPU.Build.0 = Debug|Any CPU
		{1B7ECCF9-FE9F-4451-9E34-5D84ECEE83BD}.Release|Any CPU.ActiveCfg = Release|Any CPU
		{1B7ECCF9-FE9F-4451-9E34-5D84ECEE83BD}.Release|Any CPU.Build.0 = Release|Any CPU
	EndGlobalSection
	GlobalSection(SolutionProperties) = preSolution
		HideSolutionNode = FALSE
	EndGlobalSection
	GlobalSection(ExtensibilityGlobals) = postSolution
		SolutionGuid = {8451A533-68EF-418B-B7D5-1B694AE84292}
	EndGlobalSection
EndGlobal
